{
  "name": "uview",
  "version": "1.0.0",
  "lockfileVersion": 1,
  "requires": true,
  "dependencies": {
    "@types/uni-app": {
      "version": "1.4.4",
      "resolved": "https://registry.npmjs.org/@types/uni-app/-/uni-app-1.4.4.tgz",
      "integrity": "sha512-ZTXnrCTblZyoLIoKbTv1Whz1nxrTcM7vg0qGXzDpXP8m9MqdjKt48N3FffQT1IsJWNkxbvJ1Eg5UHDaq+k+oBQ==",
      "dev": true,
      "requires": {
        "vue": "^2.6.8"
      }
    },
    "acorn": {
      "version": "3.3.0",
      "resolved": "https://mirrors.tencent.com/npm/acorn/-/acorn-3.3.0.tgz",
      "integrity": "sha1-ReN/s56No/JbruP/U2niu18iAXo="
    },
    "axios": {
      "version": "0.23.0",
      "resolved": "https://registry.npmjs.org/axios/-/axios-0.23.0.tgz",
      "integrity": "sha512-NmvAE4i0YAv5cKq8zlDoPd1VLKAqX5oLuZKs8xkJa4qi6RGn0uhCYFjWtHHC9EM/MwOwYWOs53W+V0aqEXq1sg==",
      "requires": {
        "follow-redirects": "^1.14.4"
      }
    },
    "balanced-match": {
      "version": "1.0.2",
      "resolved": "https://mirrors.tencent.com/npm/balanced-match/-/balanced-match-1.0.2.tgz",
      "integrity": "sha512-3oSeUO0TMV67hN1AmbXsK4yaqU7tjiHlbxRDZOpH0KW9+CeX4bRAaX0Anxt0tx2MrpRpWwQaPwIlISEJhYU5Pw=="
    },
    "brace-expansion": {
      "version": "1.1.11",
      "resolved": "https://mirrors.tencent.com/npm/brace-expansion/-/brace-expansion-1.1.11.tgz",
      "integrity": "sha512-iCuPHDFgrHX7H2vEI/5xpz07zSHB00TpugqhmYtVmMO6518mCuRMoOYFldEBl0g187ufozdaHgWKcYFb61qGiA==",
      "requires": {
        "balanced-match": "^1.0.0",
        "concat-map": "0.0.1"
      }
    },
    "browser-resolve": {
      "version": "1.11.3",
      "resolved": "https://mirrors.tencent.com/npm/browser-resolve/-/browser-resolve-1.11.3.tgz",
      "integrity": "sha512-exDi1BYWB/6raKHmDTCicQfTkqwN5fioMFV4j8BsfMU4R2DK/QfZfK7kOVkmWCNANf0snkBzqGqAJBao9gZMdQ==",
      "requires": {
        "resolve": "1.1.7"
      },
      "dependencies": {
        "resolve": {
          "version": "1.1.7",
          "resolved": "https://mirrors.tencent.com/npm/resolve/-/resolve-1.1.7.tgz",
          "integrity": "sha1-IDEU2CrSxe2ejgQRs5ModeiJ6Xs="
        }
      }
    },
    "builtin-modules": {
      "version": "1.1.1",
      "resolved": "https://mirrors.tencent.com/npm/builtin-modules/-/builtin-modules-1.1.1.tgz",
      "integrity": "sha1-Jw8HbFpywC9bZaR9+Uxf46J4iS8="
    },
    "concat-map": {
      "version": "0.0.1",
      "resolved": "https://mirrors.tencent.com/npm/concat-map/-/concat-map-0.0.1.tgz",
      "integrity": "sha1-2Klr13/Wjfd5OnMDajug1UBdR3s="
    },
    "dateformat": {
      "version": "5.0.2",
      "resolved": "https://registry.npmjs.org/dateformat/-/dateformat-5.0.2.tgz",
      "integrity": "sha512-h9vywpuz+ReixnJTwFx5JLtZpS8eLCbRm8shwwKkCKOZA547N6yoMtD3W91Z6+NFZ8wOaZlcaCcK/w+kELhSVg=="
    },
    "estree-walker": {
      "version": "0.2.1",
      "resolved": "https://mirrors.tencent.com/npm/estree-walker/-/estree-walker-0.2.1.tgz",
      "integrity": "sha1-va/oCVOD2EFNXcLs9MkXO225QS4="
    },
    "follow-redirects": {
      "version": "1.14.4",
      "resolved": "https://registry.npmjs.org/follow-redirects/-/follow-redirects-1.14.4.tgz",
      "integrity": "sha512-zwGkiSXC1MUJG/qmeIFH2HBJx9u0V46QGUe3YR1fXG8bXQxq7fLj0RjLZQ5nubr9qNJUZrH+xUcwXEoXNpfS+g=="
    },
    "function-bind": {
      "version": "1.1.1",
      "resolved": "https://mirrors.tencent.com/npm/function-bind/-/function-bind-1.1.1.tgz",
      "integrity": "sha512-yIovAzMX49sF8Yl58fSCWJ5svSLuaibPxXQJFLmBObTuCr0Mf1KiPopGM9NiFjiYBCbfaa2Fh6breQ6ANVTI0A=="
    },
    "hammerjs": {
      "version": "2.0.8",
      "resolved": "https://mirrors.tencent.com/npm/hammerjs/-/hammerjs-2.0.8.tgz",
      "integrity": "sha1-BO93hiz/K7edMPdpIJWTAiK/YPE="
    },
    "has": {
      "version": "1.0.3",
      "resolved": "https://mirrors.tencent.com/npm/has/-/has-1.0.3.tgz",
      "integrity": "sha512-f2dvO0VU6Oej7RkWJGrehjbzMAjFp5/VKPp5tTpWIV4JHHZK1/BxbFRtf/siA2SWTe09caDmVtYYzWEIbBS4zw==",
      "requires": {
        "function-bind": "^1.1.1"
      }
    },
    "is-core-module": {
      "version": "2.8.0",
      "resolved": "https://mirrors.tencent.com/npm/is-core-module/-/is-core-module-2.8.0.tgz",
      "integrity": "sha512-vd15qHsaqrRL7dtH6QNuy0ndJmRDrS9HAM1CAiSifNUFv4x1a0CCVsj18hJ1mShxIG6T2i1sO78MkP56r0nYRw==",
      "requires": {
        "has": "^1.0.3"
      }
    },
    "magic-string": {
      "version": "0.16.0",
      "resolved": "https://mirrors.tencent.com/npm/magic-string/-/magic-string-0.16.0.tgz",
      "integrity": "sha1-lw67DacZMwEoX7GqZQ85vdgetFo=",
      "requires": {
        "vlq": "^0.2.1"
      }
    },
    "minimatch": {
      "version": "3.0.4",
      "resolved": "https://mirrors.tencent.com/npm/minimatch/-/minimatch-3.0.4.tgz",
      "integrity": "sha512-yJHVQEhyqPLUTgt9B83PXu6W3rx4MvvHvSUvToogpwoGDOUQ+yDrR0HRot+yOCdCO7u4hX3pWft6kWBBcqh0UA==",
      "requires": {
        "brace-expansion": "^1.1.7"
      }
    },
    "path-parse": {
      "version": "1.0.7",
      "resolved": "https://mirrors.tencent.com/npm/path-parse/-/path-parse-1.0.7.tgz",
      "integrity": "sha512-LDJzPVEEEPR+y48z93A0Ed0yXb8pAByGWo/k5YYdYgpY2/2EsOsksJrq7lOHxryrVOn1ejG6oAp8ahvOIQD8sw=="
    },
    "resolve": {
      "version": "1.20.0",
      "resolved": "https://mirrors.tencent.com/npm/resolve/-/resolve-1.20.0.tgz",
      "integrity": "sha512-wENBPt4ySzg4ybFQW2TT1zMQucPK95HSh/nq2CFTZVOGut2+pQvSsgtda4d26YrYcr067wjbmzOG8byDPBX63A==",
      "requires": {
        "is-core-module": "^2.2.0",
        "path-parse": "^1.0.6"
      }
    },
    "rollup-plugin-cleanup": {
      "version": "0.1.4",
      "resolved": "https://mirrors.tencent.com/npm/rollup-plugin-cleanup/-/rollup-plugin-cleanup-0.1.4.tgz",
      "integrity": "sha1-n+06tDAJiKiC1j3jMh5BDNr8YzE=",
      "requires": {
        "acorn": "^3.3.0",
        "magic-string": "^0.16.0",
        "rollup-pluginutils": "^1.5.2"
      }
    },
    "rollup-plugin-commonjs": {
      "version": "7.1.0",
      "resolved": "https://mirrors.tencent.com/npm/rollup-plugin-commonjs/-/rollup-plugin-commonjs-7.1.0.tgz",
      "integrity": "sha1-w6dywuSl+hNQf1xXi2bME7DLink=",
      "requires": {
        "acorn": "^4.0.1",
        "estree-walker": "^0.3.0",
        "magic-string": "^0.19.0",
        "resolve": "^1.1.7",
        "rollup-pluginutils": "^2.0.1"
      },
      "dependencies": {
        "acorn": {
          "version": "4.0.13",
          "resolved": "https://mirrors.tencent.com/npm/acorn/-/acorn-4.0.13.tgz",
          "integrity": "sha1-EFSVrlNh1pe9GVyCUZLhrX8lN4c="
        },
        "estree-walker": {
          "version": "0.3.1",
          "resolved": "https://mirrors.tencent.com/npm/estree-walker/-/estree-walker-0.3.1.tgz",
          "integrity": "sha1-5rGlHPcpJSTnI3wxLl/mZgwc4ao="
        },
        "magic-string": {
          "version": "0.19.1",
          "resolved": "https://mirrors.tencent.com/npm/magic-string/-/magic-string-0.19.1.tgz",
          "integrity": "sha1-FNdoATyvLsj96hakmvgvw3fnUgE=",
          "requires": {
            "vlq": "^0.2.1"
          }
        },
        "rollup-pluginutils": {
          "version": "2.8.2",
          "resolved": "https://mirrors.tencent.com/npm/rollup-pluginutils/-/rollup-pluginutils-2.8.2.tgz",
          "integrity": "sha512-EEp9NhnUkwY8aif6bxgovPHMoMoNr2FulJziTndpt5H9RdwC47GSGuII9XxpSdzVGM0GWrNPHV6ie1LTNJPaLQ==",
          "requires": {
            "estree-walker": "^0.6.1"
          },
          "dependencies": {
            "estree-walker": {
              "version": "0.6.1",
              "resolved": "https://mirrors.tencent.com/npm/estree-walker/-/estree-walker-0.6.1.tgz",
              "integrity": "sha512-SqmZANLWS0mnatqbSfRP5g8OXZC12Fgg1IwNtLsyHDzJizORW4khDfjPqJZsemPWBB2uqykUah5YpQ6epsqC/w=="
            }
          }
        }
      }
    },
    "rollup-plugin-node-resolve": {
      "version": "2.1.1",
      "resolved": "https://mirrors.tencent.com/npm/rollup-plugin-node-resolve/-/rollup-plugin-node-resolve-2.1.1.tgz",
      "integrity": "sha1-y7eDsNFbAnlNWJFTULLw2QK43cg=",
      "requires": {
        "browser-resolve": "^1.11.0",
        "builtin-modules": "^1.1.0",
        "resolve": "^1.1.6"
      }
    },
    "rollup-pluginutils": {
      "version": "1.5.2",
      "resolved": "https://mirrors.tencent.com/npm/rollup-pluginutils/-/rollup-pluginutils-1.5.2.tgz",
      "integrity": "sha1-HhVud4+UtyVb+hs9AXi+j1xVJAg=",
      "requires": {
        "estree-walker": "^0.2.1",
        "minimatch": "^3.0.2"
      }
    },
    "vlq": {
      "version": "0.2.3",
      "resolved": "https://mirrors.tencent.com/npm/vlq/-/vlq-0.2.3.tgz",
      "integrity": "sha512-DRibZL6DsNhIgYQ+wNdWDL2SL3bKPlVrRiBqV5yuMm++op8W4kGFtaQfCs4KEJn0wBZcHVHJ3eoywX8983k1ow=="
    },
    "vue": {
      "version": "2.6.14",
      "resolved": "https://registry.npmjs.org/vue/-/vue-2.6.14.tgz",
      "integrity": "sha512-x2284lgYvjOMj3Za7kqzRcUSxBboHqtgRE2zlos1qWaOye5yUmHn42LB1250NJBLRwEcdrB0JRwyPTEPhfQjiQ=="
    },
    "vue-card-slide": {
      "version": "1.1.1",
      "resolved": "https://mirrors.tencent.com/npm/vue-card-slide/-/vue-card-slide-1.1.1.tgz",
      "integrity": "sha512-B2uBjLvgAlZcamjSD6rAWR+TYGDGJXzfjXObc+kaMo0bfcT+UAVdA899fcRoLB5D8xkS2ugTY81n7PJJLat67w==",
      "requires": {
        "vue": "^2.5.11",
        "vue-touch": "^2.0.0-beta.4"
      }
    },
    "vue-i18n": {
      "version": "8.26.5",
      "resolved": "https://registry.npmjs.org/vue-i18n/-/vue-i18n-8.26.5.tgz",
      "integrity": "sha512-qYqfsFd8v2QFSLDAabqXXXpwjGvkuqJtTWqRpZPXpAFO6PArGH4A9vSplnA0HLmnB8km7OB5ZSdP8lkkX0rLew=="
    },
    "vue-touch": {
      "version": "2.0.0-beta.4",
      "resolved": "https://mirrors.tencent.com/npm/vue-touch/-/vue-touch-2.0.0-beta.4.tgz",
      "integrity": "sha1-Alml+/if7RLV5deJ//uZuHSuBQE=",
      "requires": {
        "hammerjs": "^2.0.8",
        "rollup-plugin-cleanup": "^0.1.4",
        "rollup-plugin-commonjs": "^7.0.0",
        "rollup-plugin-node-resolve": "^2.0.0"
      }
    }
  }
}
